
Microsoft Visual Studio Solution File, Format Version 11.00
# Visual Studio 2010
Project("{FAE04EC0-301F-11D3-BF4B-00C04F79EFBC}") = "Gamma_luminance", "Gamma_luminance\Gamma_luminance.csproj", "{1E33DE52-9AF0-49F2-9592-7B04EFC96389}"
EndProject
Global
	GlobalSection(SolutionConfigurationPlatforms) = preSolution
		Debug|x86 = Debug|x86
		Release|x86 = Release|x86
	EndGlobalSection
	GlobalSection(ProjectConfigurationPlatforms) = postSolution
		{1E33DE52-9AF0-49F2-9592-7B04EFC96389}.Debug|x86.ActiveCfg = Debug|x86
		{1E33DE52-9AF0-49F2-9592-7B04EFC96389}.Debug|x86.Build.0 = Debug|x86
		{1E33DE52-9AF0-49F2-9592-7B04EFC96389}.Release|x86.ActiveCfg = Release|x86
		{1E33DE52-9AF0-49F2-9592-7B04EFC96389}.Release|x86.Build.0 = Release|x86
	EndGlobalSection
	GlobalSection(SolutionProperties) = preSolution
		HideSolutionNode = FALSE
	EndGlobalSection
EndGlobal
